
Microsoft Visual Studio Solution File, Format Version 12.00
# Visual Studio 15
VisualStudioVersion = 15.0.28010.2036
MinimumVisualStudioVersion = 10.0.40219.1
Project("{FAE04EC0-301F-11D3-BF4B-00C04F79EFBC}") = "Crypto_Lab1", "Crypto_Lab1\Crypto_Lab1.csproj", "{E53DE58B-69E2-424C-83A2-8BF4ECBA6EF5}"
EndProject
Project("{FAE04EC0-301F-11D3-BF4B-00C04F79EFBC}") = "CryptoCommon", "CryptoCommon\CryptoCommon.csproj", "{F65DA5B2-F38C-4856-949A-992CF326D81A}"
EndProject
Project("{FAE04EC0-301F-11D3-BF4B-00C04F79EFBC}") = "Crypto_Lab2", "Crypto_Lab2\Crypto_Lab2.csproj", "{E81F81F5-50F7-4BF7-B3D7-5D6DBB65F5A3}"
EndProject
Project("{FAE04EC0-301F-11D3-BF4B-00C04F79EFBC}") = "Tests", "Tests\Tests.csproj", "{CCFA0D24-76E4-4729-80EC-BC2B803DE575}"
EndProject
Global
	GlobalSection(SolutionConfigurationPlatforms) = preSolution
		Debug|Any CPU = Debug|Any CPU
		Release|Any CPU = Release|Any CPU
	EndGlobalSection
	GlobalSection(ProjectConfigurationPlatforms) = postSolution
		{E53DE58B-69E2-424C-83A2-8BF4ECBA6EF5}.Debug|Any CPU.ActiveCfg = Debug|Any CPU
		{E53DE58B-69E2-424C-83A2-8BF4ECBA6EF5}.Debug|Any CPU.Build.0 = Debug|Any CPU
		{E53DE58B-69E2-424C-83A2-8BF4ECBA6EF5}.Release|Any CPU.ActiveCfg = Release|Any CPU
		{E53DE58B-69E2-424C-83A2-8BF4ECBA6EF5}.Release|Any CPU.Build.0 = Release|Any CPU
		{F65DA5B2-F38C-4856-949A-992CF326D81A}.Debug|Any CPU.ActiveCfg = Debug|Any CPU
		{F65DA5B2-F38C-4856-949A-992CF326D81A}.Debug|Any CPU.Build.0 = Debug|Any CPU
		{F65DA5B2-F38C-4856-949A-992CF326D81A}.Release|Any CPU.ActiveCfg = Release|Any CPU
		{F65DA5B2-F38C-4856-949A-992CF326D81A}.Release|Any CPU.Build.0 = Release|Any CPU
		{E81F81F5-50F7-4BF7-B3D7-5D6DBB65F5A3}.Debug|Any CPU.ActiveCfg = Debug|Any CPU
		{E81F81F5-50F7-4BF7-B3D7-5D6DBB65F5A3}.Debug|Any CPU.Build.0 = Debug|Any CPU
		{E81F81F5-50F7-4BF7-B3D7-5D6DBB65F5A3}.Release|Any CPU.ActiveCfg = Release|Any CPU
		{E81F81F5-50F7-4BF7-B3D7-5D6DBB65F5A3}.Release|Any CPU.Build.0 = Release|Any CPU
		{CCFA0D24-76E4-4729-80EC-BC2B803DE575}.Debug|Any CPU.ActiveCfg = Debug|Any CPU
		{CCFA0D24-76E4-4729-80EC-BC2B803DE575}.Debug|Any CPU.Build.0 = Debug|Any CPU
		{CCFA0D24-76E4-4729-80EC-BC2B803DE575}.Release|Any CPU.ActiveCfg = Release|Any CPU
		{CCFA0D24-76E4-4729-80EC-BC2B803DE575}.Release|Any CPU.Build.0 = Release|Any CPU
	EndGlobalSection
	GlobalSection(SolutionProperties) = preSolution
		HideSolutionNode = FALSE
	EndGlobalSection
	GlobalSection(ExtensibilityGlobals) = postSolution
		SolutionGuid = {CFC4B49B-DDBB-46E9-9F36-B3E1FE1E807B}
	EndGlobalSection
EndGlobal
